// !$*UTF8*$!
{
	archiveVersion = 1;
	classes = {
	};
	objectVersion = 77;
	objects = {

/* Begin PBXBuildFile section */
		DA3121CF2D137128006A2A14 /* shortsBlocker Extension.appex in Embed Foundation Extensions */ = {isa = PBXBuildFile; fileRef = DA3121CE2D137128006A2A14 /* shortsBlocker Extension.appex */; settings = {ATTRIBUTES = (RemoveHeadersOnCopy, ); }; };
/* End PBXBuildFile section */

/* Begin PBXContainerItemProxy section */
		DA3121B92D137127006A2A14 /* PBXContainerItemProxy */ = {
			isa = PBXContainerItemProxy;
			containerPortal = DA3121942D137125006A2A14 /* Project object */;
			proxyType = 1;
			remoteGlobalIDString = DA31219B2D137125006A2A14;
			remoteInfo = shortsBlocker;
		};
		DA3121C32D137127006A2A14 /* PBXContainerItemProxy */ = {
			isa = PBXContainerItemProxy;
			containerPortal = DA3121942D137125006A2A14 /* Project object */;
			proxyType = 1;
			remoteGlobalIDString = DA31219B2D137125006A2A14;
			remoteInfo = shortsBlocker;
		};
		DA3121D02D137128006A2A14 /* PBXContainerItemProxy */ = {
			isa = PBXContainerItemProxy;
			containerPortal = DA3121942D137125006A2A14 /* Project object */;
			proxyType = 1;
			remoteGlobalIDString = DA3121CD2D137128006A2A14;
			remoteInfo = "shortsBlocker Extension";
		};
/* End PBXContainerItemProxy section */

/* Begin PBXCopyFilesBuildPhase section */
		DA3121EE2D137128006A2A14 /* Embed Foundation Extensions */ = {
			isa = PBXCopyFilesBuildPhase;
			buildActionMask = 2147483647;
			dstPath = "";
			dstSubfolderSpec = 13;
			files = (
				DA3121CF2D137128006A2A14 /* shortsBlocker Extension.appex in Embed Foundation Extensions */,
			);
			name = "Embed Foundation Extensions";
			runOnlyForDeploymentPostprocessing = 0;
		};
/* End PBXCopyFilesBuildPhase section */

/* Begin PBXFileReference section */
		DA31219C2D137125006A2A14 /* shortsBlocker.app */ = {isa = PBXFileReference; explicitFileType = wrapper.application; includeInIndex = 0; path = shortsBlocker.app; sourceTree = BUILT_PRODUCTS_DIR; };
		DA3121B82D137127006A2A14 /* shortsBlockerTests.xctest */ = {isa = PBXFileReference; explicitFileType = wrapper.cfbundle; includeInIndex = 0; path = shortsBlockerTests.xctest; sourceTree = BUILT_PRODUCTS_DIR; };
		DA3121C22D137127006A2A14 /* shortsBlockerUITests.xctest */ = {isa = PBXFileReference; explicitFileType = wrapper.cfbundle; includeInIndex = 0; path = shortsBlockerUITests.xctest; sourceTree = BUILT_PRODUCTS_DIR; };
		DA3121CE2D137128006A2A14 /* shortsBlocker Extension.appex */ = {isa = PBXFileReference; explicitFileType = "wrapper.app-extension"; includeInIndex = 0; path = "shortsBlocker Extension.appex"; sourceTree = BUILT_PRODUCTS_DIR; };
/* End PBXFileReference section */

/* Begin PBXFileSystemSynchronizedBuildFileExceptionSet section */
		DA3121E82D137128006A2A14 /* Exceptions for "shortsBlocker Extension" folder in "shortsBlocker Extension" target */ = {
			isa = PBXFileSystemSynchronizedBuildFileExceptionSet;
			membershipExceptions = (
				Info.plist,
			);
			target = DA3121CD2D137128006A2A14 /* shortsBlocker Extension */;
		};
/* End PBXFileSystemSynchronizedBuildFileExceptionSet section */

/* Begin PBXFileSystemSynchronizedRootGroup section */
		DA31219E2D137125006A2A14 /* shortsBlocker */ = {
			isa = PBXFileSystemSynchronizedRootGroup;
			path = shortsBlocker;
			sourceTree = "<group>";
		};
		DA3121BB2D137127006A2A14 /* shortsBlockerTests */ = {
			isa = PBXFileSystemSynchronizedRootGroup;
			path = shortsBlockerTests;
			sourceTree = "<group>";
		};
		DA3121C52D137127006A2A14 /* shortsBlockerUITests */ = {
			isa = PBXFileSystemSynchronizedRootGroup;
			path = shortsBlockerUITests;
			sourceTree = "<group>";
		};
		DA3121D22D137128006A2A14 /* shortsBlocker Extension */ = {
			isa = PBXFileSystemSynchronizedRootGroup;
			exceptions = (
				DA3121E82D137128006A2A14 /* Exceptions for "shortsBlocker Extension" folder in "shortsBlocker Extension" target */,
			);
			explicitFolders = (
				Resources/_locales,
				Resources/images,
			);
			path = "shortsBlocker Extension";
			sourceTree = "<group>";
		};
/* End PBXFileSystemSynchronizedRootGroup section */

/* Begin PBXFrameworksBuildPhase section */
		DA3121992D137125006A2A14 /* Frameworks */ = {
			isa = PBXFrameworksBuildPhase;
			buildActionMask = 2147483647;
			files = (
			);
			runOnlyForDeploymentPostprocessing = 0;
		};
		DA3121B52D137127006A2A14 /* Frameworks */ = {
			isa = PBXFrameworksBuildPhase;
			buildActionMask = 2147483647;
			files = (
			);
			runOnlyForDeploymentPostprocessing = 0;
		};
		DA3121BF2D137127006A2A14 /* Frameworks */ = {
			isa = PBXFrameworksBuildPhase;
			buildActionMask = 2147483647;
			files = (
			);
			runOnlyForDeploymentPostprocessing = 0;
		};
		DA3121CB2D137128006A2A14 /* Frameworks */ = {
			isa = PBXFrameworksBuildPhase;
			buildActionMask = 2147483647;
			files = (
			);
			runOnlyForDeploymentPostprocessing = 0;
		};
/* End PBXFrameworksBuildPhase section */

/* Begin PBXGroup section */
		DA3121932D137125006A2A14 = {
			isa = PBXGroup;
			children = (
				DA31219E2D137125006A2A14 /* shortsBlocker */,
				DA3121BB2D137127006A2A14 /* shortsBlockerTests */,
				DA3121C52D137127006A2A14 /* shortsBlockerUITests */,
				DA3121D22D137128006A2A14 /* shortsBlocker Extension */,
				DA31219D2D137125006A2A14 /* Products */,
			);
			sourceTree = "<group>";
		};
		DA31219D2D137125006A2A14 /* Products */ = {
			isa = PBXGroup;
			children = (
				DA31219C2D137125006A2A14 /* shortsBlocker.app */,
				DA3121B82D137127006A2A14 /* shortsBlockerTests.xctest */,
				DA3121C22D137127006A2A14 /* shortsBlockerUITests.xctest */,
				DA3121CE2D137128006A2A14 /* shortsBlocker Extension.appex */,
			);
			name = Products;
			sourceTree = "<group>";
		};
/* End PBXGroup section */

/* Begin PBXNativeTarget section */
		DA31219B2D137125006A2A14 /* shortsBlocker */ = {
			isa = PBXNativeTarget;
			buildConfigurationList = DA3121EF2D137128006A2A14 /* Build configuration list for PBXNativeTarget "shortsBlocker" */;
			buildPhases = (
				DA3121982D137125006A2A14 /* Sources */,
				DA3121992D137125006A2A14 /* Frameworks */,
				DA31219A2D137125006A2A14 /* Resources */,
				DA3121EE2D137128006A2A14 /* Embed Foundation Extensions */,
			);
			buildRules = (
			);
			dependencies = (
				DA3121D12D137128006A2A14 /* PBXTargetDependency */,
			);
			fileSystemSynchronizedGroups = (
				DA31219E2D137125006A2A14 /* shortsBlocker */,
			);
			name = shortsBlocker;
			packageProductDependencies = (
			);
			productName = shortsBlocker;
			productReference = DA31219C2D137125006A2A14 /* shortsBlocker.app */;
			productType = "com.apple.product-type.application";
		};
		DA3121B72D137127006A2A14 /* shortsBlockerTests */ = {
			isa = PBXNativeTarget;
			buildConfigurationList = DA3121F22D137128006A2A14 /* Build configuration list for PBXNativeTarget "shortsBlockerTests" */;
			buildPhases = (
				DA3121B42D137127006A2A14 /* Sources */,
				DA3121B52D137127006A2A14 /* Frameworks */,
				DA3121B62D137127006A2A14 /* Resources */,
			);
			buildRules = (
			);
			dependencies = (
				DA3121BA2D137127006A2A14 /* PBXTargetDependency */,
			);
			fileSystemSynchronizedGroups = (
				DA3121BB2D137127006A2A14 /* shortsBlockerTests */,
			);
			name = shortsBlockerTests;
			packageProductDependencies = (
			);
			productName = shortsBlockerTests;
			productReference = DA3121B82D137127006A2A14 /* shortsBlockerTests.xctest */;
			productType = "com.apple.product-type.bundle.unit-test";
		};
		DA3121C12D137127006A2A14 /* shortsBlockerUITests */ = {
			isa = PBXNativeTarget;
			buildConfigurationList = DA3121F52D137128006A2A14 /* Build configuration list for PBXNativeTarget "shortsBlockerUITests" */;
			buildPhases = (
				DA3121BE2D137127006A2A14 /* Sources */,
				DA3121BF2D137127006A2A14 /* Frameworks */,
				DA3121C02D137127006A2A14 /* Resources */,
			);
			buildRules = (
			);
			dependencies = (
				DA3121C42D137127006A2A14 /* PBXTargetDependency */,
			);
			fileSystemSynchronizedGroups = (
				DA3121C52D137127006A2A14 /* shortsBlockerUITests */,
			);
			name = shortsBlockerUITests;
			packageProductDependencies = (
			);
			productName = shortsBlockerUITests;
			productReference = DA3121C22D137127006A2A14 /* shortsBlockerUITests.xctest */;
			productType = "com.apple.product-type.bundle.ui-testing";
		};
		DA3121CD2D137128006A2A14 /* shortsBlocker Extension */ = {
			isa = PBXNativeTarget;
			buildConfigurationList = DA3121E92D137128006A2A14 /* Build configuration list for PBXNativeTarget "shortsBlocker Extension" */;
			buildPhases = (
				DA3121CA2D137128006A2A14 /* Sources */,
				DA3121CB2D137128006A2A14 /* Frameworks */,
				DA3121CC2D137128006A2A14 /* Resources */,
			);
			buildRules = (
			);
			dependencies = (
			);
			fileSystemSynchronizedGroups = (
				DA3121D22D137128006A2A14 /* shortsBlocker Extension */,
			);
			name = "shortsBlocker Extension";
			packageProductDependencies = (
			);
			productName = "shortsBlocker Extension";
			productReference = DA3121CE2D137128006A2A14 /* shortsBlocker Extension.appex */;
			productType = "com.apple.product-type.app-extension";
		};
/* End PBXNativeTarget section */

/* Begin PBXProject section */
		DA3121942D137125006A2A14 /* Project object */ = {
			isa = PBXProject;
			attributes = {
				BuildIndependentTargetsInParallel = 1;
				LastSwiftUpdateCheck = 1620;
				LastUpgradeCheck = 1620;
				TargetAttributes = {
					DA31219B2D137125006A2A14 = {
						CreatedOnToolsVersion = 16.2;
					};
					DA3121B72D137127006A2A14 = {
						CreatedOnToolsVersion = 16.2;
						TestTargetID = DA31219B2D137125006A2A14;
					};
					DA3121C12D137127006A2A14 = {
						CreatedOnToolsVersion = 16.2;
						TestTargetID = DA31219B2D137125006A2A14;
					};
					DA3121CD2D137128006A2A14 = {
						CreatedOnToolsVersion = 16.2;
					};
				};
			};
			buildConfigurationList = DA3121972D137125006A2A14 /* Build configuration list for PBXProject "shortsBlocker" */;
			developmentRegion = en;
			hasScannedForEncodings = 0;
			knownRegions = (
				en,
				Base,
			);
			mainGroup = DA3121932D137125006A2A14;
			minimizedProjectReferenceProxies = 1;
			preferredProjectObjectVersion = 77;
			productRefGroup = DA31219D2D137125006A2A14 /* Products */;
			projectDirPath = "";
			projectRoot = "";
			targets = (
				DA31219B2D137125006A2A14 /* shortsBlocker */,
				DA3121B72D137127006A2A14 /* shortsBlockerTests */,
				DA3121C12D137127006A2A14 /* shortsBlockerUITests */,
				DA3121CD2D137128006A2A14 /* shortsBlocker Extension */,
			);
		};
/* End PBXProject section */

/* Begin PBXResourcesBuildPhase section */
		DA31219A2D137125006A2A14 /* Resources */ = {
			isa = PBXResourcesBuildPhase;
			buildActionMask = 2147483647;
			files = (
			);
			runOnlyForDeploymentPostprocessing = 0;
		};
		DA3121B62D137127006A2A14 /* Resources */ = {
			isa = PBXResourcesBuildPhase;
			buildActionMask = 2147483647;
			files = (
			);
			runOnlyForDeploymentPostprocessing = 0;
		};
		DA3121C02D137127006A2A14 /* Resources */ = {
			isa = PBXResourcesBuildPhase;
			buildActionMask = 2147483647;
			files = (
			);
			runOnlyForDeploymentPostprocessing = 0;
		};
		DA3121CC2D137128006A2A14 /* Resources */ = {
			isa = PBXResourcesBuildPhase;
			buildActionMask = 2147483647;
			files = (
			);
			runOnlyForDeploymentPostprocessing = 0;
		};
/* End PBXResourcesBuildPhase section */

/* Begin PBXSourcesBuildPhase section */
		DA3121982D137125006A2A14 /* Sources */ = {
			isa = PBXSourcesBuildPhase;
			buildActionMask = 2147483647;
			files = (
			);
			runOnlyForDeploymentPostprocessing = 0;
		};
		DA3121B42D137127006A2A14 /* Sources */ = {
			isa = PBXSourcesBuildPhase;
			buildActionMask = 2147483647;
			files = (
			);
			runOnlyForDeploymentPostprocessing = 0;
		};
		DA3121BE2D137127006A2A14 /* Sources */ = {
			isa = PBXSourcesBuildPhase;
			buildActionMask = 2147483647;
			files = (
			);
			runOnlyForDeploymentPostprocessing = 0;
		};
		DA3121CA2D137128006A2A14 /* Sources */ = {
			isa = PBXSourcesBuildPhase;
			buildActionMask = 2147483647;
			files = (
			);
			runOnlyForDeploymentPostprocessing = 0;
		};
/* End PBXSourcesBuildPhase section */

/* Begin PBXTargetDependency section */
		DA3121BA2D137127006A2A14 /* PBXTargetDependency */ = {
			isa = PBXTargetDependency;
			target = DA31219B2D137125006A2A14 /* shortsBlocker */;
			targetProxy = DA3121B92D137127006A2A14 /* PBXContainerItemProxy */;
		};
		DA3121C42D137127006A2A14 /* PBXTargetDependency */ = {
			isa = PBXTargetDependency;
			target = DA31219B2D137125006A2A14 /* shortsBlocker */;
			targetProxy = DA3121C32D137127006A2A14 /* PBXContainerItemProxy */;
		};
		DA3121D12D137128006A2A14 /* PBXTargetDependency */ = {
			isa = PBXTargetDependency;
			target = DA3121CD2D137128006A2A14 /* shortsBlocker Extension */;
			targetProxy = DA3121D02D137128006A2A14 /* PBXContainerItemProxy */;
		};
/* End PBXTargetDependency section */

/* Begin XCBuildConfiguration section */
		DA3121EA2D137128006A2A14 /* Debug */ = {
			isa = XCBuildConfiguration;
			buildSettings = {
				CODE_SIGN_ENTITLEMENTS = "shortsBlocker Extension/shortsBlocker_Extension.entitlements";
				CODE_SIGN_STYLE = Automatic;
				CURRENT_PROJECT_VERSION = 1;
				ENABLE_HARDENED_RUNTIME = YES;
				GENERATE_INFOPLIST_FILE = YES;
				INFOPLIST_FILE = "shortsBlocker Extension/Info.plist";
				INFOPLIST_KEY_CFBundleDisplayName = "shortsBlocker Extension";
				INFOPLIST_KEY_NSHumanReadableCopyright = "";
				LD_RUNPATH_SEARCH_PATHS = (
					"$(inherited)",
					"@executable_path/../Frameworks",
					"@executable_path/../../../../Frameworks",
				);
				MACOSX_DEPLOYMENT_TARGET = 10.14;
				MARKETING_VERSION = 1.0;
				OTHER_LDFLAGS = (
					"-framework",
					SafariServices,
				);
				PRODUCT_BUNDLE_IDENTIFIER = com.chsk.shortsBlocker.Extension;
				PRODUCT_NAME = "$(TARGET_NAME)";
				SKIP_INSTALL = YES;
				SWIFT_EMIT_LOC_STRINGS = YES;
				SWIFT_VERSION = 5.0;
			};
			name = Debug;
		};
		DA3121EB2D137128006A2A14 /* Release */ = {
			isa = XCBuildConfiguration;
			buildSettings = {
				CODE_SIGN_ENTITLEMENTS = "shortsBlocker Extension/shortsBlocker_Extension.entitlements";
				CODE_SIGN_STYLE = Automatic;
				CURRENT_PROJECT_VERSION = 1;
				ENABLE_HARDENED_RUNTIME = YES;
				GENERATE_INFOPLIST_FILE = YES;
				INFOPLIST_FILE = "shortsBlocker Extension/Info.plist";
				INFOPLIST_KEY_CFBundleDisplayName = "shortsBlocker Extension";
				INFOPLIST_KEY_NSHumanReadableCopyright = "";
				LD_RUNPATH_SEARCH_PATHS = (
					"$(inherited)",
					"@executable_path/../Frameworks",
					"@executable_path/../../../../Frameworks",
				);
				MACOSX_DEPLOYMENT_TARGET = 10.14;
				MARKETING_VERSION = 1.0;
				OTHER_LDFLAGS = (
					"-framework",
					SafariServices,
				);
				PRODUCT_BUNDLE_IDENTIFIER = com.chsk.shortsBlocker.Extension;
				PRODUCT_NAME = "$(TARGET_NAME)";
				SKIP_INSTALL = YES;
				SWIFT_EMIT_LOC_STRINGS = YES;
				SWIFT_VERSION = 5.0;
			};
			name = Release;
		};
		DA3121EC2D137128006A2A14 /* Debug */ = {
			isa = XCBuildConfiguration;
			buildSettings = {
				ALWAYS_SEARCH_USER_PATHS = NO;
				ASSETCATALOG_COMPILER_GENERATE_SWIFT_ASSET_SYMBOL_EXTENSIONS = YES;
				CLANG_ANALYZER_NONNULL = YES;
				CLANG_ANALYZER_NUMBER_OBJECT_CONVERSION = YES_AGGRESSIVE;
				CLANG_CXX_LANGUAGE_STANDARD = "gnu++20";
				CLANG_ENABLE_MODULES = YES;
				CLANG_ENABLE_OBJC_ARC = YES;
				CLANG_ENABLE_OBJC_WEAK = YES;
				CLANG_WARN_BLOCK_CAPTURE_AUTORELEASING = YES;
				CLANG_WARN_BOOL_CONVERSION = YES;
				CLANG_WARN_COMMA = YES;
				CLANG_WARN_CONSTANT_CONVERSION = YES;
				CLANG_WARN_DEPRECATED_OBJC_IMPLEMENTATIONS = YES;
				CLANG_WARN_DIRECT_OBJC_ISA_USAGE = YES_ERROR;
				CLANG_WARN_DOCUMENTATION_COMMENTS = YES;
				CLANG_WARN_EMPTY_BODY = YES;
				CLANG_WARN_ENUM_CONVERSION = YES;
				CLANG_WARN_INFINITE_RECURSION = YES;
				CLANG_WARN_INT_CONVERSION = YES;
				CLANG_WARN_NON_LITERAL_NULL_CONVERSION = YES;
				CLANG_WARN_OBJC_IMPLICIT_RETAIN_SELF = YES;
				CLANG_WARN_OBJC_LITERAL_CONVERSION = YES;
				CLANG_WARN_OBJC_ROOT_CLASS = YES_ERROR;
				CLANG_WARN_QUOTED_INCLUDE_IN_FRAMEWORK_HEADER = YES;
				CLANG_WARN_RANGE_LOOP_ANALYSIS = YES;
				CLANG_WARN_STRICT_PROTOTYPES = YES;
				CLANG_WARN_SUSPICIOUS_MOVE = YES;
				CLANG_WARN_UNGUARDED_AVAILABILITY = YES_AGGRESSIVE;
				CLANG_WARN_UNREACHABLE_CODE = YES;
				CLANG_WARN__DUPLICATE_METHOD_MATCH = YES;
				COPY_PHASE_STRIP = NO;
				DEBUG_INFORMATION_FORMAT = dwarf;
				ENABLE_STRICT_OBJC_MSGSEND = YES;
				ENABLE_TESTABILITY = YES;
				ENABLE_USER_SCRIPT_SANDBOXING = YES;
				GCC_C_LANGUAGE_STANDARD = gnu17;
				GCC_DYNAMIC_NO_PIC = NO;
				GCC_NO_COMMON_BLOCKS = YES;
				GCC_OPTIMIZATION_LEVEL = 0;
				GCC_PREPROCESSOR_DEFINITIONS = (
					"DEBUG=1",
					"$(inherited)",
				);
				GCC_WARN_64_TO_32_BIT_CONVERSION = YES;
				GCC_WARN_ABOUT_RETURN_TYPE = YES_ERROR;
				GCC_WARN_UNDECLARED_SELECTOR = YES;
				GCC_WARN_UNINITIALIZED_AUTOS = YES_AGGRESSIVE;
				GCC_WARN_UNUSED_FUNCTION = YES;
				GCC_WARN_UNUSED_VARIABLE = YES;
				LOCALIZATION_PREFERS_STRING_CATALOGS = YES;
				MACOSX_DEPLOYMENT_TARGET = 15.1;
				MTL_ENABLE_DEBUG_INFO = INCLUDE_SOURCE;
				MTL_FAST_MATH = YES;
				ONLY_ACTIVE_ARCH = YES;
				SDKROOT = macosx;
				SWIFT_ACTIVE_COMPILATION_CONDITIONS = "DEBUG $(inherited)";
				SWIFT_OPTIMIZATION_LEVEL = "-Onone";
			};
			name = Debug;
		};
		DA3121ED2D137128006A2A14 /* Release */ = {
			isa = XCBuildConfiguration;
			buildSettings = {
				ALWAYS_SEARCH_USER_PATHS = NO;
				ASSETCATALOG_COMPILER_GENERATE_SWIFT_ASSET_SYMBOL_EXTENSIONS = YES;
				CLANG_ANALYZER_NONNULL = YES;
				CLANG_ANALYZER_NUMBER_OBJECT_CONVERSION = YES_AGGRESSIVE;
				CLANG_CXX_LANGUAGE_STANDARD = "gnu++20";
				CLANG_ENABLE_MODULES = YES;
				CLANG_ENABLE_OBJC_ARC = YES;
				CLANG_ENABLE_OBJC_WEAK = YES;
				CLANG_WARN_BLOCK_CAPTURE_AUTORELEASING = YES;
				CLANG_WARN_BOOL_CONVERSION = YES;
				CLANG_WARN_COMMA = YES;
				CLANG_WARN_CONSTANT_CONVERSION = YES;
				CLANG_WARN_DEPRECATED_OBJC_IMPLEMENTATIONS = YES;
				CLANG_WARN_DIRECT_OBJC_ISA_USAGE = YES_ERROR;
				CLANG_WARN_DOCUMENTATION_COMMENTS = YES;
				CLANG_WARN_EMPTY_BODY = YES;
				CLANG_WARN_ENUM_CONVERSION = YES;
				CLANG_WARN_INFINITE_RECURSION = YES;
				CLANG_WARN_INT_CONVERSION = YES;
				CLANG_WARN_NON_LITERAL_NULL_CONVERSION = YES;
				CLANG_WARN_OBJC_IMPLICIT_RETAIN_SELF = YES;
				CLANG_WARN_OBJC_LITERAL_CONVERSION = YES;
				CLANG_WARN_OBJC_ROOT_CLASS = YES_ERROR;
				CLANG_WARN_QUOTED_INCLUDE_IN_FRAMEWORK_HEADER = YES;
				CLANG_WARN_RANGE_LOOP_ANALYSIS = YES;
				CLANG_WARN_STRICT_PROTOTYPES = YES;
				CLANG_WARN_SUSPICIOUS_MOVE = YES;
				CLANG_WARN_UNGUARDED_AVAILABILITY = YES_AGGRESSIVE;
				CLANG_WARN_UNREACHABLE_CODE = YES;
				CLANG_WARN__DUPLICATE_METHOD_MATCH = YES;
				COPY_PHASE_STRIP = NO;
				DEBUG_INFORMATION_FORMAT = "dwarf-with-dsym";
				ENABLE_NS_ASSERTIONS = NO;
				ENABLE_STRICT_OBJC_MSGSEND = YES;
				ENABLE_USER_SCRIPT_SANDBOXING = YES;
				GCC_C_LANGUAGE_STANDARD = gnu17;
				GCC_NO_COMMON_BLOCKS = YES;
				GCC_WARN_64_TO_32_BIT_CONVERSION = YES;
				GCC_WARN_ABOUT_RETURN_TYPE = YES_ERROR;
				GCC_WARN_UNDECLARED_SELECTOR = YES;
				GCC_WARN_UNINITIALIZED_AUTOS = YES_AGGRESSIVE;
				GCC_WARN_UNUSED_FUNCTION = YES;
				GCC_WARN_UNUSED_VARIABLE = YES;
				LOCALIZATION_PREFERS_STRING_CATALOGS = YES;
				MACOSX_DEPLOYMENT_TARGET = 15.1;
				MTL_ENABLE_DEBUG_INFO = NO;
				MTL_FAST_MATH = YES;
				SDKROOT = macosx;
				SWIFT_COMPILATION_MODE = wholemodule;
			};
			name = Release;
		};
		DA3121F02D137128006A2A14 /* Debug */ = {
			isa = XCBuildConfiguration;
			buildSettings = {
				ASSETCATALOG_COMPILER_APPICON_NAME = AppIcon;
				ASSETCATALOG_COMPILER_GLOBAL_ACCENT_COLOR_NAME = AccentColor;
				CODE_SIGN_ENTITLEMENTS = shortsBlocker/shortsBlocker.entitlements;
				CODE_SIGN_STYLE = Automatic;
				COMBINE_HIDPI_IMAGES = YES;
				CURRENT_PROJECT_VERSION = 1;
				ENABLE_HARDENED_RUNTIME = YES;
				GENERATE_INFOPLIST_FILE = YES;
				INFOPLIST_KEY_CFBundleDisplayName = shortsBlocker;
				INFOPLIST_KEY_NSHumanReadableCopyright = "";
				INFOPLIST_KEY_NSMainStoryboardFile = Main;
				INFOPLIST_KEY_NSPrincipalClass = NSApplication;
				LD_RUNPATH_SEARCH_PATHS = (
					"$(inherited)",
					"@executable_path/../Frameworks",
				);
				MACOSX_DEPLOYMENT_TARGET = 10.14;
				MARKETING_VERSION = 1.0;
				OTHER_LDFLAGS = (
					"-framework",
					SafariServices,
					"-framework",
					WebKit,
				);
				PRODUCT_BUNDLE_IDENTIFIER = com.chsk.shortsBlocker;
				PRODUCT_NAME = "$(TARGET_NAME)";
				SWIFT_EMIT_LOC_STRINGS = YES;
				SWIFT_VERSION = 5.0;
			};
			name = Debug;
		};
		DA3121F12D137128006A2A14 /* Release */ = {
			isa = XCBuildConfiguration;
			buildSettings = {
				ASSETCATALOG_COMPILER_APPICON_NAME = AppIcon;
				ASSETCATALOG_COMPILER_GLOBAL_ACCENT_COLOR_NAME = AccentColor;
				CODE_SIGN_ENTITLEMENTS = shortsBlocker/shortsBlocker.entitlements;
				CODE_SIGN_STYLE = Automatic;
				COMBINE_HIDPI_IMAGES = YES;
				CURRENT_PROJECT_VERSION = 1;
				ENABLE_HARDENED_RUNTIME = YES;
				GENERATE_INFOPLIST_FILE = YES;
				INFOPLIST_KEY_CFBundleDisplayName = shortsBlocker;
				INFOPLIST_KEY_NSHumanReadableCopyright = "";
				INFOPLIST_KEY_NSMainStoryboardFile = Main;
				INFOPLIST_KEY_NSPrincipalClass = NSApplication;
				LD_RUNPATH_SEARCH_PATHS = (
					"$(inherited)",
					"@executable_path/../Frameworks",
				);
				MACOSX_DEPLOYMENT_TARGET = 10.14;
				MARKETING_VERSION = 1.0;
				OTHER_LDFLAGS = (
					"-framework",
					SafariServices,
					"-framework",
					WebKit,
				);
				PRODUCT_BUNDLE_IDENTIFIER = com.chsk.shortsBlocker;
				PRODUCT_NAME = "$(TARGET_NAME)";
				SWIFT_EMIT_LOC_STRINGS = YES;
				SWIFT_VERSION = 5.0;
			};
			name = Release;
		};
		DA3121F32D137128006A2A14 /* Debug */ = {
			isa = XCBuildConfiguration;
			buildSettings = {
				BUNDLE_LOADER = "$(TEST_HOST)";
				CODE_SIGN_STYLE = Automatic;
				CURRENT_PROJECT_VERSION = 1;
				GENERATE_INFOPLIST_FILE = YES;
				MACOSX_DEPLOYMENT_TARGET = 10.14;
				MARKETING_VERSION = 1.0;
				PRODUCT_BUNDLE_IDENTIFIER = com.chsk.shortsBlockerTests;
				PRODUCT_NAME = "$(TARGET_NAME)";
				SWIFT_EMIT_LOC_STRINGS = NO;
				SWIFT_VERSION = 5.0;
				TEST_HOST = "$(BUILT_PRODUCTS_DIR)/shortsBlocker.app/$(BUNDLE_EXECUTABLE_FOLDER_PATH)/shortsBlocker";
			};
			name = Debug;
		};
		DA3121F42D137128006A2A14 /* Release */ = {
			isa = XCBuildConfiguration;
			buildSettings = {
				BUNDLE_LOADER = "$(TEST_HOST)";
				CODE_SIGN_STYLE = Automatic;
				CURRENT_PROJECT_VERSION = 1;
				GENERATE_INFOPLIST_FILE = YES;
				MACOSX_DEPLOYMENT_TARGET = 10.14;
				MARKETING_VERSION = 1.0;
				PRODUCT_BUNDLE_IDENTIFIER = com.chsk.shortsBlockerTests;
				PRODUCT_NAME = "$(TARGET_NAME)";
				SWIFT_EMIT_LOC_STRINGS = NO;
				SWIFT_VERSION = 5.0;
				TEST_HOST = "$(BUILT_PRODUCTS_DIR)/shortsBlocker.app/$(BUNDLE_EXECUTABLE_FOLDER_PATH)/shortsBlocker";
			};
			name = Release;
		};
		DA3121F62D137128006A2A14 /* Debug */ = {
			isa = XCBuildConfiguration;
			buildSettings = {
				CODE_SIGN_STYLE = Automatic;
				CURRENT_PROJECT_VERSION = 1;
				GENERATE_INFOPLIST_FILE = YES;
				MARKETING_VERSION = 1.0;
				PRODUCT_BUNDLE_IDENTIFIER = com.chsk.shortsBlockerUITests;
				PRODUCT_NAME = "$(TARGET_NAME)";
				SWIFT_EMIT_LOC_STRINGS = NO;
				SWIFT_VERSION = 5.0;
				TEST_TARGET_NAME = shortsBlocker;
			};
			name = Debug;
		};
		DA3121F72D137128006A2A14 /* Release */ = {
			isa = XCBuildConfiguration;
			buildSettings = {
				CODE_SIGN_STYLE = Automatic;
				CURRENT_PROJECT_VERSION = 1;
				GENERATE_INFOPLIST_FILE = YES;
				MARKETING_VERSION = 1.0;
				PRODUCT_BUNDLE_IDENTIFIER = com.chsk.shortsBlockerUITests;
				PRODUCT_NAME = "$(TARGET_NAME)";
				SWIFT_EMIT_LOC_STRINGS = NO;
				SWIFT_VERSION = 5.0;
				TEST_TARGET_NAME = shortsBlocker;
			};
			name = Release;
		};
/* End XCBuildConfiguration section */

/* Begin XCConfigurationList section */
		DA3121972D137125006A2A14 /* Build configuration list for PBXProject "shortsBlocker" */ = {
			isa = XCConfigurationList;
			buildConfigurations = (
				DA3121EC2D137128006A2A14 /* Debug */,
				DA3121ED2D137128006A2A14 /* Release */,
			);
			defaultConfigurationIsVisible = 0;
			defaultConfigurationName = Release;
		};
		DA3121E92D137128006A2A14 /* Build configuration list for PBXNativeTarget "shortsBlocker Extension" */ = {
			isa = XCConfigurationList;
			buildConfigurations = (
				DA3121EA2D137128006A2A14 /* Debug */,
				DA3121EB2D137128006A2A14 /* Release */,
			);
			defaultConfigurationIsVisible = 0;
			defaultConfigurationName = Release;
		};
		DA3121EF2D137128006A2A14 /* Build configuration list for PBXNativeTarget "shortsBlocker" */ = {
			isa = XCConfigurationList;
			buildConfigurations = (
				DA3121F02D137128006A2A14 /* Debug */,
				DA3121F12D137128006A2A14 /* Release */,
			);
			defaultConfigurationIsVisible = 0;
			defaultConfigurationName = Release;
		};
		DA3121F22D137128006A2A14 /* Build configuration list for PBXNativeTarget "shortsBlockerTests" */ = {
			isa = XCConfigurationList;
			buildConfigurations = (
				DA3121F32D137128006A2A14 /* Debug */,
				DA3121F42D137128006A2A14 /* Release */,
			);
			defaultConfigurationIsVisible = 0;
			defaultConfigurationName = Release;
		};
		DA3121F52D137128006A2A14 /* Build configuration list for PBXNativeTarget "shortsBlockerUITests" */ = {
			isa = XCConfigurationList;
			buildConfigurations = (
				DA3121F62D137128006A2A14 /* Debug */,
				DA3121F72D137128006A2A14 /* Release */,
			);
			defaultConfigurationIsVisible = 0;
			defaultConfigurationName = Release;
		};
/* End XCConfigurationList section */
	};
	rootObject = DA3121942D137125006A2A14 /* Project object */;
}
